
Microsoft Visual Studio Solution File, Format Version 12.00
# Visual Studio Version 17
VisualStudioVersion = 17.0.32014.148
MinimumVisualStudioVersion = 10.0.40219.1
Project("{FAE04EC0-301F-11D3-BF4B-00C04F79EFBC}") = "prueba-codifico", "prueba-codifico\prueba-codifico.csproj", "{2F794A9F-A661-4A98-9E59-93E451A1E2BF}"
EndProject
Global
	GlobalSection(SolutionConfigurationPlatforms) = preSolution
		Debug|Any CPU = Debug|Any CPU
		Release|Any CPU = Release|Any CPU
	EndGlobalSection
	GlobalSection(ProjectConfigurationPlatforms) = postSolution
		{2F794A9F-A661-4A98-9E59-93E451A1E2BF}.Debug|Any CPU.ActiveCfg = Debug|Any CPU
		{2F794A9F-A661-4A98-9E59-93E451A1E2BF}.Debug|Any CPU.Build.0 = Debug|Any CPU
		{2F794A9F-A661-4A98-9E59-93E451A1E2BF}.Release|Any CPU.ActiveCfg = Release|Any CPU
		{2F794A9F-A661-4A98-9E59-93E451A1E2BF}.Release|Any CPU.Build.0 = Release|Any CPU
	EndGlobalSection
	GlobalSection(SolutionProperties) = preSolution
		HideSolutionNode = FALSE
	EndGlobalSection
	GlobalSection(ExtensibilityGlobals) = postSolution
		SolutionGuid = {CD14621E-D40E-4308-9EE0-BC60D6477EE7}
	EndGlobalSection
EndGlobal
